
Microsoft Visual Studio Solution File, Format Version 12.00
# Visual Studio Version 17
VisualStudioVersion = 17.12.35506.116
MinimumVisualStudioVersion = 10.0.40219.1
Project("{FAE04EC0-301F-11D3-BF4B-00C04F79EFBC}") = "MiddleLayer", "MiddleLayer\MiddleLayer.csproj", "{90E557AA-B17B-4AA7-914E-50FD1373F19A}"
EndProject
Project("{FAE04EC0-301F-11D3-BF4B-00C04F79EFBC}") = "FactoryCustomer", "FactoryCustomer\FactoryCustomer.csproj", "{642D8F08-4B14-483F-9C58-2111F044C3C3}"
EndProject
Project("{FAE04EC0-301F-11D3-BF4B-00C04F79EFBC}") = "WindowcCustomer", "WindowcCustomer\WindowcCustomer.csproj", "{9A6EB6D7-FA2A-418B-8250-88654D153B97}"
EndProject
Project("{FAE04EC0-301F-11D3-BF4B-00C04F79EFBC}") = "InterfaceCustomer", "InterfaceCustomer\InterfaceCustomer.csproj", "{99242C1D-B27D-4F11-A69F-D182C0255EEB}"
EndProject
Project("{FAE04EC0-301F-11D3-BF4B-00C04F79EFBC}") = "ValidationAlgorithms", "ValidationAlgorithms\ValidationAlgorithms.csproj", "{3594DD3B-F1CF-49AF-B9C7-907557111FB1}"
EndProject
Project("{FAE04EC0-301F-11D3-BF4B-00C04F79EFBC}") = "InterfaceDal", "InterfaceDal\InterfaceDal.csproj", "{695FA471-6AAC-4C5E-B3F6-24AECF015F6A}"
EndProject
Project("{FAE04EC0-301F-11D3-BF4B-00C04F79EFBC}") = "CommonDAL", "CommonDAL\CommonDAL.csproj", "{B318E1D3-6A09-4FC2-B685-1F463152FC91}"
EndProject
Project("{FAE04EC0-301F-11D3-BF4B-00C04F79EFBC}") = "ADODOTNetDAL", "ADODOTNetDAL\ADODOTNetDAL.csproj", "{FA6A47D5-B228-43E2-86CF-79C01D3FD4FA}"
EndProject
Project("{FAE04EC0-301F-11D3-BF4B-00C04F79EFBC}") = "FactoryDal", "FactoryDal\FactoryDal.csproj", "{A2CC4ACD-01B9-45AC-B9CC-B7961FE3B363}"
EndProject
Project("{FAE04EC0-301F-11D3-BF4B-00C04F79EFBC}") = "EFDal", "EFDal\EFDal.csproj", "{DEB974AF-EB0F-4F7A-9D1E-831FCC995781}"
EndProject
Global
	GlobalSection(SolutionConfigurationPlatforms) = preSolution
		Debug|Any CPU = Debug|Any CPU
		Release|Any CPU = Release|Any CPU
	EndGlobalSection
	GlobalSection(ProjectConfigurationPlatforms) = postSolution
		{90E557AA-B17B-4AA7-914E-50FD1373F19A}.Debug|Any CPU.ActiveCfg = Debug|Any CPU
		{90E557AA-B17B-4AA7-914E-50FD1373F19A}.Debug|Any CPU.Build.0 = Debug|Any CPU
		{90E557AA-B17B-4AA7-914E-50FD1373F19A}.Release|Any CPU.ActiveCfg = Release|Any CPU
		{90E557AA-B17B-4AA7-914E-50FD1373F19A}.Release|Any CPU.Build.0 = Release|Any CPU
		{642D8F08-4B14-483F-9C58-2111F044C3C3}.Debug|Any CPU.ActiveCfg = Debug|Any CPU
		{642D8F08-4B14-483F-9C58-2111F044C3C3}.Debug|Any CPU.Build.0 = Debug|Any CPU
		{642D8F08-4B14-483F-9C58-2111F044C3C3}.Release|Any CPU.ActiveCfg = Release|Any CPU
		{642D8F08-4B14-483F-9C58-2111F044C3C3}.Release|Any CPU.Build.0 = Release|Any CPU
		{9A6EB6D7-FA2A-418B-8250-88654D153B97}.Debug|Any CPU.ActiveCfg = Debug|Any CPU
		{9A6EB6D7-FA2A-418B-8250-88654D153B97}.Debug|Any CPU.Build.0 = Debug|Any CPU
		{9A6EB6D7-FA2A-418B-8250-88654D153B97}.Release|Any CPU.ActiveCfg = Release|Any CPU
		{9A6EB6D7-FA2A-418B-8250-88654D153B97}.Release|Any CPU.Build.0 = Release|Any CPU
		{99242C1D-B27D-4F11-A69F-D182C0255EEB}.Debug|Any CPU.ActiveCfg = Debug|Any CPU
		{99242C1D-B27D-4F11-A69F-D182C0255EEB}.Debug|Any CPU.Build.0 = Debug|Any CPU
		{99242C1D-B27D-4F11-A69F-D182C0255EEB}.Release|Any CPU.ActiveCfg = Release|Any CPU
		{99242C1D-B27D-4F11-A69F-D182C0255EEB}.Release|Any CPU.Build.0 = Release|Any CPU
		{3594DD3B-F1CF-49AF-B9C7-907557111FB1}.Debug|Any CPU.ActiveCfg = Debug|Any CPU
		{3594DD3B-F1CF-49AF-B9C7-907557111FB1}.Debug|Any CPU.Build.0 = Debug|Any CPU
		{3594DD3B-F1CF-49AF-B9C7-907557111FB1}.Release|Any CPU.ActiveCfg = Release|Any CPU
		{3594DD3B-F1CF-49AF-B9C7-907557111FB1}.Release|Any CPU.Build.0 = Release|Any CPU
		{695FA471-6AAC-4C5E-B3F6-24AECF015F6A}.Debug|Any CPU.ActiveCfg = Debug|Any CPU
		{695FA471-6AAC-4C5E-B3F6-24AECF015F6A}.Debug|Any CPU.Build.0 = Debug|Any CPU
		{695FA471-6AAC-4C5E-B3F6-24AECF015F6A}.Release|Any CPU.ActiveCfg = Release|Any CPU
		{695FA471-6AAC-4C5E-B3F6-24AECF015F6A}.Release|Any CPU.Build.0 = Release|Any CPU
		{B318E1D3-6A09-4FC2-B685-1F463152FC91}.Debug|Any CPU.ActiveCfg = Debug|Any CPU
		{B318E1D3-6A09-4FC2-B685-1F463152FC91}.Debug|Any CPU.Build.0 = Debug|Any CPU
		{B318E1D3-6A09-4FC2-B685-1F463152FC91}.Release|Any CPU.ActiveCfg = Release|Any CPU
		{B318E1D3-6A09-4FC2-B685-1F463152FC91}.Release|Any CPU.Build.0 = Release|Any CPU
		{FA6A47D5-B228-43E2-86CF-79C01D3FD4FA}.Debug|Any CPU.ActiveCfg = Debug|Any CPU
		{FA6A47D5-B228-43E2-86CF-79C01D3FD4FA}.Debug|Any CPU.Build.0 = Debug|Any CPU
		{FA6A47D5-B228-43E2-86CF-79C01D3FD4FA}.Release|Any CPU.ActiveCfg = Release|Any CPU
		{FA6A47D5-B228-43E2-86CF-79C01D3FD4FA}.Release|Any CPU.Build.0 = Release|Any CPU
		{A2CC4ACD-01B9-45AC-B9CC-B7961FE3B363}.Debug|Any CPU.ActiveCfg = Debug|Any CPU
		{A2CC4ACD-01B9-45AC-B9CC-B7961FE3B363}.Debug|Any CPU.Build.0 = Debug|Any CPU
		{A2CC4ACD-01B9-45AC-B9CC-B7961FE3B363}.Release|Any CPU.ActiveCfg = Release|Any CPU
		{A2CC4ACD-01B9-45AC-B9CC-B7961FE3B363}.Release|Any CPU.Build.0 = Release|Any CPU
		{DEB974AF-EB0F-4F7A-9D1E-831FCC995781}.Debug|Any CPU.ActiveCfg = Debug|Any CPU
		{DEB974AF-EB0F-4F7A-9D1E-831FCC995781}.Debug|Any CPU.Build.0 = Debug|Any CPU
		{DEB974AF-EB0F-4F7A-9D1E-831FCC995781}.Release|Any CPU.ActiveCfg = Release|Any CPU
		{DEB974AF-EB0F-4F7A-9D1E-831FCC995781}.Release|Any CPU.Build.0 = Release|Any CPU
	EndGlobalSection
	GlobalSection(SolutionProperties) = preSolution
		HideSolutionNode = FALSE
	EndGlobalSection
EndGlobal
